
Microsoft Visual Studio Solution File, Format Version 12.00
# Visual Studio 15
VisualStudioVersion = 15.0.26430.14
MinimumVisualStudioVersion = 10.0.40219.1
Project("{FAE04EC0-301F-11D3-BF4B-00C04F79EFBC}") = "Bully.Android", "Bully\Bully.Android\Bully.Android.csproj", "{05DE5910-D28D-499C-AEFD-D4F2313BB180}"
EndProject
Project("{FAE04EC0-301F-11D3-BF4B-00C04F79EFBC}") = "Bully", "Bully\Bully\Bully.csproj", "{A4D2F568-4AD8-4FAF-B5DF-ECEE88FC55F0}"
EndProject
Project("{FAE04EC0-301F-11D3-BF4B-00C04F79EFBC}") = "Bully.UWP", "Bully\Bully.UWP\Bully.UWP.csproj", "{7EF1F8F5-765A-4948-AEF6-83E2D3928A3C}"
EndProject
Project("{FAE04EC0-301F-11D3-BF4B-00C04F79EFBC}") = "Bully.iOS", "Bully\Bully.iOS\Bully.iOS.csproj", "{8C852CCB-1AB1-404E-A8E3-F488D734C363}"
EndProject
Global
	GlobalSection(SolutionConfigurationPlatforms) = preSolution
		Ad-Hoc|Any CPU = Ad-Hoc|Any CPU
		Ad-Hoc|ARM = Ad-Hoc|ARM
		Ad-Hoc|iPhone = Ad-Hoc|iPhone
		Ad-Hoc|iPhoneSimulator = Ad-Hoc|iPhoneSimulator
		Ad-Hoc|x64 = Ad-Hoc|x64
		Ad-Hoc|x86 = Ad-Hoc|x86
		AppStore|Any CPU = AppStore|Any CPU
		AppStore|ARM = AppStore|ARM
		AppStore|iPhone = AppStore|iPhone
		AppStore|iPhoneSimulator = AppStore|iPhoneSimulator
		AppStore|x64 = AppStore|x64
		AppStore|x86 = AppStore|x86
		Debug|Any CPU = Debug|Any CPU
		Debug|ARM = Debug|ARM
		Debug|iPhone = Debug|iPhone
		Debug|iPhoneSimulator = Debug|iPhoneSimulator
		Debug|x64 = Debug|x64
		Debug|x86 = Debug|x86
		Release|Any CPU = Release|Any CPU
		Release|ARM = Release|ARM
		Release|iPhone = Release|iPhone
		Release|iPhoneSimulator = Release|iPhoneSimulator
		Release|x64 = Release|x64
		Release|x86 = Release|x86
	EndGlobalSection
	GlobalSection(ProjectConfigurationPlatforms) = postSolution
		{05DE5910-D28D-499C-AEFD-D4F2313BB180}.Ad-Hoc|Any CPU.ActiveCfg = Release|Any CPU
		{05DE5910-D28D-499C-AEFD-D4F2313BB180}.Ad-Hoc|Any CPU.Build.0 = Release|Any CPU
		{05DE5910-D28D-499C-AEFD-D4F2313BB180}.Ad-Hoc|Any CPU.Deploy.0 = Release|Any CPU
		{05DE5910-D28D-499C-AEFD-D4F2313BB180}.Ad-Hoc|ARM.ActiveCfg = Release|Any CPU
		{05DE5910-D28D-499C-AEFD-D4F2313BB180}.Ad-Hoc|ARM.Build.0 = Release|Any CPU
		{05DE5910-D28D-499C-AEFD-D4F2313BB180}.Ad-Hoc|ARM.Deploy.0 = Release|Any CPU
		{05DE5910-D28D-499C-AEFD-D4F2313BB180}.Ad-Hoc|iPhone.ActiveCfg = Release|Any CPU
		{05DE5910-D28D-499C-AEFD-D4F2313BB180}.Ad-Hoc|iPhone.Build.0 = Release|Any CPU
		{05DE5910-D28D-499C-AEFD-D4F2313BB180}.Ad-Hoc|iPhone.Deploy.0 = Release|Any CPU
		{05DE5910-D28D-499C-AEFD-D4F2313BB180}.Ad-Hoc|iPhoneSimulator.ActiveCfg = Release|Any CPU
		{05DE5910-D28D-499C-AEFD-D4F2313BB180}.Ad-Hoc|iPhoneSimulator.Build.0 = Release|Any CPU
		{05DE5910-D28D-499C-AEFD-D4F2313BB180}.Ad-Hoc|iPhoneSimulator.Deploy.0 = Release|Any CPU
		{05DE5910-D28D-499C-AEFD-D4F2313BB180}.Ad-Hoc|x64.ActiveCfg = Release|Any CPU
		{05DE5910-D28D-499C-AEFD-D4F2313BB180}.Ad-Hoc|x64.Build.0 = Release|Any CPU
		{05DE5910-D28D-499C-AEFD-D4F2313BB180}.Ad-Hoc|x64.Deploy.0 = Release|Any CPU
		{05DE5910-D28D-499C-AEFD-D4F2313BB180}.Ad-Hoc|x86.ActiveCfg = Release|Any CPU
		{05DE5910-D28D-499C-AEFD-D4F2313BB180}.Ad-Hoc|x86.Build.0 = Release|Any CPU
		{05DE5910-D28D-499C-AEFD-D4F2313BB180}.Ad-Hoc|x86.Deploy.0 = Release|Any CPU
		{05DE5910-D28D-499C-AEFD-D4F2313BB180}.AppStore|Any CPU.ActiveCfg = Release|Any CPU
		{05DE5910-D28D-499C-AEFD-D4F2313BB180}.AppStore|Any CPU.Build.0 = Release|Any CPU
		{05DE5910-D28D-499C-AEFD-D4F2313BB180}.AppStore|Any CPU.Deploy.0 = Release|Any CPU
		{05DE5910-D28D-499C-AEFD-D4F2313BB180}.AppStore|ARM.ActiveCfg = Release|Any CPU
		{05DE5910-D28D-499C-AEFD-D4F2313BB180}.AppStore|ARM.Build.0 = Release|Any CPU
		{05DE5910-D28D-499C-AEFD-D4F2313BB180}.AppStore|ARM.Deploy.0 = Release|Any CPU
		{05DE5910-D28D-499C-AEFD-D4F2313BB180}.AppStore|iPhone.ActiveCfg = Release|Any CPU
		{05DE5910-D28D-499C-AEFD-D4F2313BB180}.AppStore|iPhone.Build.0 = Release|Any CPU
		{05DE5910-D28D-499C-AEFD-D4F2313BB180}.AppStore|iPhone.Deploy.0 = Release|Any CPU
		{05DE5910-D28D-499C-AEFD-D4F2313BB180}.AppStore|iPhoneSimulator.ActiveCfg = Release|Any CPU
		{05DE5910-D28D-499C-AEFD-D4F2313BB180}.AppStore|iPhoneSimulator.Build.0 = Release|Any CPU
		{05DE5910-D28D-499C-AEFD-D4F2313BB180}.AppStore|iPhoneSimulator.Deploy.0 = Release|Any CPU
		{05DE5910-D28D-499C-AEFD-D4F2313BB180}.AppStore|x64.ActiveCfg = Release|Any CPU
		{05DE5910-D28D-499C-AEFD-D4F2313BB180}.AppStore|x64.Build.0 = Release|Any CPU
		{05DE5910-D28D-499C-AEFD-D4F2313BB180}.AppStore|x64.Deploy.0 = Release|Any CPU
		{05DE5910-D28D-499C-AEFD-D4F2313BB180}.AppStore|x86.ActiveCfg = Release|Any CPU
		{05DE5910-D28D-499C-AEFD-D4F2313BB180}.AppStore|x86.Build.0 = Release|Any CPU
		{05DE5910-D28D-499C-AEFD-D4F2313BB180}.AppStore|x86.Deploy.0 = Release|Any CPU
		{05DE5910-D28D-499C-AEFD-D4F2313BB180}.Debug|Any CPU.ActiveCfg = Debug|Any CPU
		{05DE5910-D28D-499C-AEFD-D4F2313BB180}.Debug|Any CPU.Build.0 = Debug|Any CPU
		{05DE5910-D28D-499C-AEFD-D4F2313BB180}.Debug|Any CPU.Deploy.0 = Debug|Any CPU
		{05DE5910-D28D-499C-AEFD-D4F2313BB180}.Debug|ARM.ActiveCfg = Debug|Any CPU
		{05DE5910-D28D-499C-AEFD-D4F2313BB180}.Debug|ARM.Build.0 = Debug|Any CPU
		{05DE5910-D28D-499C-AEFD-D4F2313BB180}.Debug|ARM.Deploy.0 = Debug|Any CPU
		{05DE5910-D28D-499C-AEFD-D4F2313BB180}.Debug|iPhone.ActiveCfg = Debug|Any CPU
		{05DE5910-D28D-499C-AEFD-D4F2313BB180}.Debug|iPhone.Build.0 = Debug|Any CPU
		{05DE5910-D28D-499C-AEFD-D4F2313BB180}.Debug|iPhone.Deploy.0 = Debug|Any CPU
		{05DE5910-D28D-499C-AEFD-D4F2313BB180}.Debug|iPhoneSimulator.ActiveCfg = Debug|Any CPU
		{05DE5910-D28D-499C-AEFD-D4F2313BB180}.Debug|iPhoneSimulator.Build.0 = Debug|Any CPU
		{05DE5910-D28D-499C-AEFD-D4F2313BB180}.Debug|iPhoneSimulator.Deploy.0 = Debug|Any CPU
		{05DE5910-D28D-499C-AEFD-D4F2313BB180}.Debug|x64.ActiveCfg = Debug|Any CPU
		{05DE5910-D28D-499C-AEFD-D4F2313BB180}.Debug|x64.Build.0 = Debug|Any CPU
		{05DE5910-D28D-499C-AEFD-D4F2313BB180}.Debug|x64.Deploy.0 = Debug|Any CPU
		{05DE5910-D28D-499C-AEFD-D4F2313BB180}.Debug|x86.ActiveCfg = Debug|Any CPU
		{05DE5910-D28D-499C-AEFD-D4F2313BB180}.Debug|x86.Build.0 = Debug|Any CPU
		{05DE5910-D28D-499C-AEFD-D4F2313BB180}.Debug|x86.Deploy.0 = Debug|Any CPU
		{05DE5910-D28D-499C-AEFD-D4F2313BB180}.Release|Any CPU.ActiveCfg = Release|Any CPU
		{05DE5910-D28D-499C-AEFD-D4F2313BB180}.Release|Any CPU.Build.0 = Release|Any CPU
		{05DE5910-D28D-499C-AEFD-D4F2313BB180}.Release|Any CPU.Deploy.0 = Release|Any CPU
		{05DE5910-D28D-499C-AEFD-D4F2313BB180}.Release|ARM.ActiveCfg = Release|Any CPU
		{05DE5910-D28D-499C-AEFD-D4F2313BB180}.Release|ARM.Build.0 = Release|Any CPU
		{05DE5910-D28D-499C-AEFD-D4F2313BB180}.Release|ARM.Deploy.0 = Release|Any CPU
		{05DE5910-D28D-499C-AEFD-D4F2313BB180}.Release|iPhone.ActiveCfg = Release|Any CPU
		{05DE5910-D28D-499C-AEFD-D4F2313BB180}.Release|iPhone.Build.0 = Release|Any CPU
		{05DE5910-D28D-499C-AEFD-D4F2313BB180}.Release|iPhone.Deploy.0 = Release|Any CPU
		{05DE5910-D28D-499C-AEFD-D4F2313BB180}.Release|iPhoneSimulator.ActiveCfg = Release|Any CPU
		{05DE5910-D28D-499C-AEFD-D4F2313BB180}.Release|iPhoneSimulator.Build.0 = Release|Any CPU
		{05DE5910-D28D-499C-AEFD-D4F2313BB180}.Release|iPhoneSimulator.Deploy.0 = Release|Any CPU
		{05DE5910-D28D-499C-AEFD-D4F2313BB180}.Release|x64.ActiveCfg = Release|Any CPU
		{05DE5910-D28D-499C-AEFD-D4F2313BB180}.Release|x64.Build.0 = Release|Any CPU
		{05DE5910-D28D-499C-AEFD-D4F2313BB180}.Release|x64.Deploy.0 = Release|Any CPU
		{05DE5910-D28D-499C-AEFD-D4F2313BB180}.Release|x86.ActiveCfg = Release|Any CPU
		{05DE5910-D28D-499C-AEFD-D4F2313BB180}.Release|x86.Build.0 = Release|Any CPU
		{05DE5910-D28D-499C-AEFD-D4F2313BB180}.Release|x86.Deploy.0 = Release|Any CPU
		{A4D2F568-4AD8-4FAF-B5DF-ECEE88FC55F0}.Ad-Hoc|Any CPU.ActiveCfg = Release|Any CPU
		{A4D2F568-4AD8-4FAF-B5DF-ECEE88FC55F0}.Ad-Hoc|Any CPU.Build.0 = Release|Any CPU
		{A4D2F568-4AD8-4FAF-B5DF-ECEE88FC55F0}.Ad-Hoc|ARM.ActiveCfg = Release|Any CPU
		{A4D2F568-4AD8-4FAF-B5DF-ECEE88FC55F0}.Ad-Hoc|ARM.Build.0 = Release|Any CPU
		{A4D2F568-4AD8-4FAF-B5DF-ECEE88FC55F0}.Ad-Hoc|iPhone.ActiveCfg = Release|Any CPU
		{A4D2F568-4AD8-4FAF-B5DF-ECEE88FC55F0}.Ad-Hoc|iPhone.Build.0 = Release|Any CPU
		{A4D2F568-4AD8-4FAF-B5DF-ECEE88FC55F0}.Ad-Hoc|iPhoneSimulator.ActiveCfg = Release|Any CPU
		{A4D2F568-4AD8-4FAF-B5DF-ECEE88FC55F0}.Ad-Hoc|iPhoneSimulator.Build.0 = Release|Any CPU
		{A4D2F568-4AD8-4FAF-B5DF-ECEE88FC55F0}.Ad-Hoc|x64.ActiveCfg = Release|Any CPU
		{A4D2F568-4AD8-4FAF-B5DF-ECEE88FC55F0}.Ad-Hoc|x64.Build.0 = Release|Any CPU
		{A4D2F568-4AD8-4FAF-B5DF-ECEE88FC55F0}.Ad-Hoc|x86.ActiveCfg = Release|Any CPU
		{A4D2F568-4AD8-4FAF-B5DF-ECEE88FC55F0}.Ad-Hoc|x86.Build.0 = Release|Any CPU
		{A4D2F568-4AD8-4FAF-B5DF-ECEE88FC55F0}.AppStore|Any CPU.ActiveCfg = Release|Any CPU
		{A4D2F568-4AD8-4FAF-B5DF-ECEE88FC55F0}.AppStore|Any CPU.Build.0 = Release|Any CPU
		{A4D2F568-4AD8-4FAF-B5DF-ECEE88FC55F0}.AppStore|ARM.ActiveCfg = Release|Any CPU
		{A4D2F568-4AD8-4FAF-B5DF-ECEE88FC55F0}.AppStore|ARM.Build.0 = Release|Any CPU
		{A4D2F568-4AD8-4FAF-B5DF-ECEE88FC55F0}.AppStore|iPhone.ActiveCfg = Release|Any CPU
		{A4D2F568-4AD8-4FAF-B5DF-ECEE88FC55F0}.AppStore|iPhone.Build.0 = Release|Any CPU
		{A4D2F568-4AD8-4FAF-B5DF-ECEE88FC55F0}.AppStore|iPhoneSimulator.ActiveCfg = Release|Any CPU
		{A4D2F568-4AD8-4FAF-B5DF-ECEE88FC55F0}.AppStore|iPhoneSimulator.Build.0 = Release|Any CPU
		{A4D2F568-4AD8-4FAF-B5DF-ECEE88FC55F0}.AppStore|x64.ActiveCfg = Release|Any CPU
		{A4D2F568-4AD8-4FAF-B5DF-ECEE88FC55F0}.AppStore|x64.Build.0 = Release|Any CPU
		{A4D2F568-4AD8-4FAF-B5DF-ECEE88FC55F0}.AppStore|x86.ActiveCfg = Release|Any CPU
		{A4D2F568-4AD8-4FAF-B5DF-ECEE88FC55F0}.AppStore|x86.Build.0 = Release|Any CPU
		{A4D2F568-4AD8-4FAF-B5DF-ECEE88FC55F0}.Debug|Any CPU.ActiveCfg = Debug|Any CPU
		{A4D2F568-4AD8-4FAF-B5DF-ECEE88FC55F0}.Debug|Any CPU.Build.0 = Debug|Any CPU
		{A4D2F568-4AD8-4FAF-B5DF-ECEE88FC55F0}.Debug|ARM.ActiveCfg = Debug|Any CPU
		{A4D2F568-4AD8-4FAF-B5DF-ECEE88FC55F0}.Debug|ARM.Build.0 = Debug|Any CPU
		{A4D2F568-4AD8-4FAF-B5DF-ECEE88FC55F0}.Debug|iPhone.ActiveCfg = Debug|Any CPU
		{A4D2F568-4AD8-4FAF-B5DF-ECEE88FC55F0}.Debug|iPhone.Build.0 = Debug|Any CPU
		{A4D2F568-4AD8-4FAF-B5DF-ECEE88FC55F0}.Debug|iPhoneSimulator.ActiveCfg = Debug|Any CPU
		{A4D2F568-4AD8-4FAF-B5DF-ECEE88FC55F0}.Debug|iPhoneSimulator.Build.0 = Debug|Any CPU
		{A4D2F568-4AD8-4FAF-B5DF-ECEE88FC55F0}.Debug|x64.ActiveCfg = Debug|Any CPU
		{A4D2F568-4AD8-4FAF-B5DF-ECEE88FC55F0}.Debug|x64.Build.0 = Debug|Any CPU
		{A4D2F568-4AD8-4FAF-B5DF-ECEE88FC55F0}.Debug|x86.ActiveCfg = Debug|Any CPU
		{A4D2F568-4AD8-4FAF-B5DF-ECEE88FC55F0}.Debug|x86.Build.0 = Debug|Any CPU
		{A4D2F568-4AD8-4FAF-B5DF-ECEE88FC55F0}.Release|Any CPU.ActiveCfg = Release|Any CPU
		{A4D2F568-4AD8-4FAF-B5DF-ECEE88FC55F0}.Release|Any CPU.Build.0 = Release|Any CPU
		{A4D2F568-4AD8-4FAF-B5DF-ECEE88FC55F0}.Release|ARM.ActiveCfg = Release|Any CPU
		{A4D2F568-4AD8-4FAF-B5DF-ECEE88FC55F0}.Release|ARM.Build.0 = Release|Any CPU
		{A4D2F568-4AD8-4FAF-B5DF-ECEE88FC55F0}.Release|iPhone.ActiveCfg = Release|Any CPU
		{A4D2F568-4AD8-4FAF-B5DF-ECEE88FC55F0}.Release|iPhone.Build.0 = Release|Any CPU
		{A4D2F568-4AD8-4FAF-B5DF-ECEE88FC55F0}.Release|iPhoneSimulator.ActiveCfg = Release|Any CPU
		{A4D2F568-4AD8-4FAF-B5DF-ECEE88FC55F0}.Release|iPhoneSimulator.Build.0 = Release|Any CPU
		{A4D2F568-4AD8-4FAF-B5DF-ECEE88FC55F0}.Release|x64.ActiveCfg = Release|Any CPU
		{A4D2F568-4AD8-4FAF-B5DF-ECEE88FC55F0}.Release|x64.Build.0 = Release|Any CPU
		{A4D2F568-4AD8-4FAF-B5DF-ECEE88FC55F0}.Release|x86.ActiveCfg = Release|Any CPU
		{A4D2F568-4AD8-4FAF-B5DF-ECEE88FC55F0}.Release|x86.Build.0 = Release|Any CPU
		{7EF1F8F5-765A-4948-AEF6-83E2D3928A3C}.Ad-Hoc|Any CPU.ActiveCfg = Release|x86
		{7EF1F8F5-765A-4948-AEF6-83E2D3928A3C}.Ad-Hoc|Any CPU.Build.0 = Release|x86
		{7EF1F8F5-765A-4948-AEF6-83E2D3928A3C}.Ad-Hoc|Any CPU.Deploy.0 = Release|x86
		{7EF1F8F5-765A-4948-AEF6-83E2D3928A3C}.Ad-Hoc|ARM.ActiveCfg = Release|ARM
		{7EF1F8F5-765A-4948-AEF6-83E2D3928A3C}.Ad-Hoc|ARM.Build.0 = Release|ARM
		{7EF1F8F5-765A-4948-AEF6-83E2D3928A3C}.Ad-Hoc|ARM.Deploy.0 = Release|ARM
		{7EF1F8F5-765A-4948-AEF6-83E2D3928A3C}.Ad-Hoc|iPhone.ActiveCfg = Release|x86
		{7EF1F8F5-765A-4948-AEF6-83E2D3928A3C}.Ad-Hoc|iPhone.Build.0 = Release|x86
		{7EF1F8F5-765A-4948-AEF6-83E2D3928A3C}.Ad-Hoc|iPhone.Deploy.0 = Release|x86
		{7EF1F8F5-765A-4948-AEF6-83E2D3928A3C}.Ad-Hoc|iPhoneSimulator.ActiveCfg = Release|x86
		{7EF1F8F5-765A-4948-AEF6-83E2D3928A3C}.Ad-Hoc|iPhoneSimulator.Build.0 = Release|x86
		{7EF1F8F5-765A-4948-AEF6-83E2D3928A3C}.Ad-Hoc|iPhoneSimulator.Deploy.0 = Release|x86
		{7EF1F8F5-765A-4948-AEF6-83E2D3928A3C}.Ad-Hoc|x64.ActiveCfg = Release|x64
		{7EF1F8F5-765A-4948-AEF6-83E2D3928A3C}.Ad-Hoc|x64.Build.0 = Release|x64
		{7EF1F8F5-765A-4948-AEF6-83E2D3928A3C}.Ad-Hoc|x64.Deploy.0 = Release|x64
		{7EF1F8F5-765A-4948-AEF6-83E2D3928A3C}.Ad-Hoc|x86.ActiveCfg = Release|x86
		{7EF1F8F5-765A-4948-AEF6-83E2D3928A3C}.Ad-Hoc|x86.Build.0 = Release|x86
		{7EF1F8F5-765A-4948-AEF6-83E2D3928A3C}.Ad-Hoc|x86.Deploy.0 = Release|x86
		{7EF1F8F5-765A-4948-AEF6-83E2D3928A3C}.AppStore|Any CPU.ActiveCfg = Release|x86
		{7EF1F8F5-765A-4948-AEF6-83E2D3928A3C}.AppStore|Any CPU.Build.0 = Release|x86
		{7EF1F8F5-765A-4948-AEF6-83E2D3928A3C}.AppStore|Any CPU.Deploy.0 = Release|x86
		{7EF1F8F5-765A-4948-AEF6-83E2D3928A3C}.AppStore|ARM.ActiveCfg = Release|ARM
		{7EF1F8F5-765A-4948-AEF6-83E2D3928A3C}.AppStore|ARM.Build.0 = Release|ARM
		{7EF1F8F5-765A-4948-AEF6-83E2D3928A3C}.AppStore|ARM.Deploy.0 = Release|ARM
		{7EF1F8F5-765A-4948-AEF6-83E2D3928A3C}.AppStore|iPhone.ActiveCfg = Release|x86
		{7EF1F8F5-765A-4948-AEF6-83E2D3928A3C}.AppStore|iPhone.Build.0 = Release|x86
		{7EF1F8F5-765A-4948-AEF6-83E2D3928A3C}.AppStore|iPhone.Deploy.0 = Release|x86
		{7EF1F8F5-765A-4948-AEF6-83E2D3928A3C}.AppStore|iPhoneSimulator.ActiveCfg = Release|x86
		{7EF1F8F5-765A-4948-AEF6-83E2D3928A3C}.AppStore|iPhoneSimulator.Build.0 = Release|x86
		{7EF1F8F5-765A-4948-AEF6-83E2D3928A3C}.AppStore|iPhoneSimulator.Deploy.0 = Release|x86
		{7EF1F8F5-765A-4948-AEF6-83E2D3928A3C}.AppStore|x64.ActiveCfg = Release|x64
		{7EF1F8F5-765A-4948-AEF6-83E2D3928A3C}.AppStore|x64.Build.0 = Release|x64
		{7EF1F8F5-765A-4948-AEF6-83E2D3928A3C}.AppStore|x64.Deploy.0 = Release|x64
		{7EF1F8F5-765A-4948-AEF6-83E2D3928A3C}.AppStore|x86.ActiveCfg = Release|x86
		{7EF1F8F5-765A-4948-AEF6-83E2D3928A3C}.AppStore|x86.Build.0 = Release|x86
		{7EF1F8F5-765A-4948-AEF6-83E2D3928A3C}.AppStore|x86.Deploy.0 = Release|x86
		{7EF1F8F5-765A-4948-AEF6-83E2D3928A3C}.Debug|Any CPU.ActiveCfg = Debug|x86
		{7EF1F8F5-765A-4948-AEF6-83E2D3928A3C}.Debug|ARM.ActiveCfg = Debug|ARM
		{7EF1F8F5-765A-4948-AEF6-83E2D3928A3C}.Debug|ARM.Build.0 = Debug|ARM
		{7EF1F8F5-765A-4948-AEF6-83E2D3928A3C}.Debug|ARM.Deploy.0 = Debug|ARM
		{7EF1F8F5-765A-4948-AEF6-83E2D3928A3C}.Debug|iPhone.ActiveCfg = Debug|x86
		{7EF1F8F5-765A-4948-AEF6-83E2D3928A3C}.Debug|iPhoneSimulator.ActiveCfg = Debug|x86
		{7EF1F8F5-765A-4948-AEF6-83E2D3928A3C}.Debug|x64.ActiveCfg = Debug|x64
		{7EF1F8F5-765A-4948-AEF6-83E2D3928A3C}.Debug|x64.Build.0 = Debug|x64
		{7EF1F8F5-765A-4948-AEF6-83E2D3928A3C}.Debug|x64.Deploy.0 = Debug|x64
		{7EF1F8F5-765A-4948-AEF6-83E2D3928A3C}.Debug|x86.ActiveCfg = Debug|x86
		{7EF1F8F5-765A-4948-AEF6-83E2D3928A3C}.Debug|x86.Build.0 = Debug|x86
		{7EF1F8F5-765A-4948-AEF6-83E2D3928A3C}.Debug|x86.Deploy.0 = Debug|x86
		{7EF1F8F5-765A-4948-AEF6-83E2D3928A3C}.Release|Any CPU.ActiveCfg = Release|x86
		{7EF1F8F5-765A-4948-AEF6-83E2D3928A3C}.Release|ARM.ActiveCfg = Release|ARM
		{7EF1F8F5-765A-4948-AEF6-83E2D3928A3C}.Release|ARM.Build.0 = Release|ARM
		{7EF1F8F5-765A-4948-AEF6-83E2D3928A3C}.Release|ARM.Deploy.0 = Release|ARM
		{7EF1F8F5-765A-4948-AEF6-83E2D3928A3C}.Release|iPhone.ActiveCfg = Release|x86
		{7EF1F8F5-765A-4948-AEF6-83E2D3928A3C}.Release|iPhoneSimulator.ActiveCfg = Release|x86
		{7EF1F8F5-765A-4948-AEF6-83E2D3928A3C}.Release|x64.ActiveCfg = Release|x64
		{7EF1F8F5-765A-4948-AEF6-83E2D3928A3C}.Release|x64.Build.0 = Release|x64
		{7EF1F8F5-765A-4948-AEF6-83E2D3928A3C}.Release|x64.Deploy.0 = Release|x64
		{7EF1F8F5-765A-4948-AEF6-83E2D3928A3C}.Release|x86.ActiveCfg = Release|x86
		{7EF1F8F5-765A-4948-AEF6-83E2D3928A3C}.Release|x86.Build.0 = Release|x86
		{7EF1F8F5-765A-4948-AEF6-83E2D3928A3C}.Release|x86.Deploy.0 = Release|x86
		{8C852CCB-1AB1-404E-A8E3-F488D734C363}.Ad-Hoc|Any CPU.ActiveCfg = Ad-Hoc|iPhone
		{8C852CCB-1AB1-404E-A8E3-F488D734C363}.Ad-Hoc|ARM.ActiveCfg = Ad-Hoc|iPhone
		{8C852CCB-1AB1-404E-A8E3-F488D734C363}.Ad-Hoc|iPhone.ActiveCfg = Ad-Hoc|iPhone
		{8C852CCB-1AB1-404E-A8E3-F488D734C363}.Ad-Hoc|iPhone.Build.0 = Ad-Hoc|iPhone
		{8C852CCB-1AB1-404E-A8E3-F488D734C363}.Ad-Hoc|iPhoneSimulator.ActiveCfg = Ad-Hoc|iPhoneSimulator
		{8C852CCB-1AB1-404E-A8E3-F488D734C363}.Ad-Hoc|iPhoneSimulator.Build.0 = Ad-Hoc|iPhoneSimulator
		{8C852CCB-1AB1-404E-A8E3-F488D734C363}.Ad-Hoc|x64.ActiveCfg = Ad-Hoc|iPhone
		{8C852CCB-1AB1-404E-A8E3-F488D734C363}.Ad-Hoc|x86.ActiveCfg = Ad-Hoc|iPhone
		{8C852CCB-1AB1-404E-A8E3-F488D734C363}.AppStore|Any CPU.ActiveCfg = AppStore|iPhone
		{8C852CCB-1AB1-404E-A8E3-F488D734C363}.AppStore|ARM.ActiveCfg = AppStore|iPhone
		{8C852CCB-1AB1-404E-A8E3-F488D734C363}.AppStore|iPhone.ActiveCfg = AppStore|iPhone
		{8C852CCB-1AB1-404E-A8E3-F488D734C363}.AppStore|iPhone.Build.0 = AppStore|iPhone
		{8C852CCB-1AB1-404E-A8E3-F488D734C363}.AppStore|iPhoneSimulator.ActiveCfg = AppStore|iPhoneSimulator
		{8C852CCB-1AB1-404E-A8E3-F488D734C363}.AppStore|iPhoneSimulator.Build.0 = AppStore|iPhoneSimulator
		{8C852CCB-1AB1-404E-A8E3-F488D734C363}.AppStore|x64.ActiveCfg = AppStore|iPhone
		{8C852CCB-1AB1-404E-A8E3-F488D734C363}.AppStore|x86.ActiveCfg = AppStore|iPhone
		{8C852CCB-1AB1-404E-A8E3-F488D734C363}.Debug|Any CPU.ActiveCfg = Debug|iPhone
		{8C852CCB-1AB1-404E-A8E3-F488D734C363}.Debug|ARM.ActiveCfg = Debug|iPhone
		{8C852CCB-1AB1-404E-A8E3-F488D734C363}.Debug|iPhone.ActiveCfg = Debug|iPhone
		{8C852CCB-1AB1-404E-A8E3-F488D734C363}.Debug|iPhone.Build.0 = Debug|iPhone
		{8C852CCB-1AB1-404E-A8E3-F488D734C363}.Debug|iPhoneSimulator.ActiveCfg = Debug|iPhoneSimulator
		{8C852CCB-1AB1-404E-A8E3-F488D734C363}.Debug|iPhoneSimulator.Build.0 = Debug|iPhoneSimulator
		{8C852CCB-1AB1-404E-A8E3-F488D734C363}.Debug|x64.ActiveCfg = Debug|iPhone
		{8C852CCB-1AB1-404E-A8E3-F488D734C363}.Debug|x86.ActiveCfg = Debug|iPhone
		{8C852CCB-1AB1-404E-A8E3-F488D734C363}.Release|Any CPU.ActiveCfg = Release|iPhone
		{8C852CCB-1AB1-404E-A8E3-F488D734C363}.Release|ARM.ActiveCfg = Release|iPhone
		{8C852CCB-1AB1-404E-A8E3-F488D734C363}.Release|iPhone.ActiveCfg = Release|iPhone
		{8C852CCB-1AB1-404E-A8E3-F488D734C363}.Release|iPhone.Build.0 = Release|iPhone
		{8C852CCB-1AB1-404E-A8E3-F488D734C363}.Release|iPhoneSimulator.ActiveCfg = Release|iPhoneSimulator
		{8C852CCB-1AB1-404E-A8E3-F488D734C363}.Release|iPhoneSimulator.Build.0 = Release|iPhoneSimulator
		{8C852CCB-1AB1-404E-A8E3-F488D734C363}.Release|x64.ActiveCfg = Release|iPhone
		{8C852CCB-1AB1-404E-A8E3-F488D734C363}.Release|x86.ActiveCfg = Release|iPhone
	EndGlobalSection
	GlobalSection(SolutionProperties) = preSolution
		HideSolutionNode = FALSE
	EndGlobalSection
EndGlobal
